
Microsoft Visual Studio Solution File, Format Version 12.00
# Visual Studio 15
VisualStudioVersion = 15.0.28010.2046
MinimumVisualStudioVersion = 10.0.40219.1
Project("{FAE04EC0-301F-11D3-BF4B-00C04F79EFBC}") = "Project2AP", "Project2AP\Project2AP.csproj", "{78A502F7-98A4-478B-9E9E-44B9991B07F4}"
EndProject
Global
	GlobalSection(SolutionConfigurationPlatforms) = preSolution
		Debug|Any CPU = Debug|Any CPU
		Release|Any CPU = Release|Any CPU
	EndGlobalSection
	GlobalSection(ProjectConfigurationPlatforms) = postSolution
		{78A502F7-98A4-478B-9E9E-44B9991B07F4}.Debug|Any CPU.ActiveCfg = Debug|Any CPU
		{78A502F7-98A4-478B-9E9E-44B9991B07F4}.Debug|Any CPU.Build.0 = Debug|Any CPU
		{78A502F7-98A4-478B-9E9E-44B9991B07F4}.Release|Any CPU.ActiveCfg = Release|Any CPU
		{78A502F7-98A4-478B-9E9E-44B9991B07F4}.Release|Any CPU.Build.0 = Release|Any CPU
	EndGlobalSection
	GlobalSection(SolutionProperties) = preSolution
		HideSolutionNode = FALSE
	EndGlobalSection
	GlobalSection(ExtensibilityGlobals) = postSolution
		SolutionGuid = {616F17E4-A377-4656-B13F-11F97CE7A334}
	EndGlobalSection
EndGlobal
